
Microsoft Visual Studio Solution File, Format Version 12.00
# Visual Studio Version 17
VisualStudioVersion = 17.9.34607.119
MinimumVisualStudioVersion = 10.0.40219.1
Project("{FAE04EC0-301F-11D3-BF4B-00C04F79EFBC}") = "FinalProject", "FinalProject.csproj", "{13489383-F85F-454E-9EE3-5C91E67B7847}"
EndProject
Global
	GlobalSection(SolutionConfigurationPlatforms) = preSolution
		Debug|Any CPU = Debug|Any CPU
		Release|Any CPU = Release|Any CPU
	EndGlobalSection
	GlobalSection(ProjectConfigurationPlatforms) = postSolution
		{13489383-F85F-454E-9EE3-5C91E67B7847}.Debug|Any CPU.ActiveCfg = Debug|Any CPU
		{13489383-F85F-454E-9EE3-5C91E67B7847}.Debug|Any CPU.Build.0 = Debug|Any CPU
		{13489383-F85F-454E-9EE3-5C91E67B7847}.Release|Any CPU.ActiveCfg = Release|Any CPU
		{13489383-F85F-454E-9EE3-5C91E67B7847}.Release|Any CPU.Build.0 = Release|Any CPU
	EndGlobalSection
	GlobalSection(SolutionProperties) = preSolution
		HideSolutionNode = FALSE
	EndGlobalSection
	GlobalSection(ExtensibilityGlobals) = postSolution
		SolutionGuid = {EBDB155F-8C31-44E4-99D7-D4594C41444C}
	EndGlobalSection
EndGlobal
